
Microsoft Visual Studio Solution File, Format Version 12.00
# Visual Studio Version 16
VisualStudioVersion = 16.0.31112.23
MinimumVisualStudioVersion = 10.0.40219.1
Project("{2150E333-8FDC-42A3-9474-1A3956D46DE8}") = "03-Repository", "03-Repository", "{15B6D124-3B2C-4BCB-A442-AAB249BC9A7A}"
EndProject
Project("{2150E333-8FDC-42A3-9474-1A3956D46DE8}") = "04-Services", "04-Services", "{1C53ED67-ED2D-4480-977A-88EE9D84D371}"
EndProject
Project("{2150E333-8FDC-42A3-9474-1A3956D46DE8}") = "01-Ulitily", "01-Ulitily", "{D2519236-1C23-4B10-8E70-BDAFE480534E}"
EndProject
Project("{2150E333-8FDC-42A3-9474-1A3956D46DE8}") = "02-Entity", "02-Entity", "{26911BC0-C861-4621-82A1-99C2157F8A61}"
EndProject
Project("{2150E333-8FDC-42A3-9474-1A3956D46DE8}") = "05-WebApi", "05-WebApi", "{AB11792A-232C-4625-BDCE-BE99A577C426}"
EndProject
Project("{9A19103F-16F7-4668-BE54-9A1E7A4F7556}") = "WebApi.Models", "WebApi.Models\WebApi.Models.csproj", "{230E9BEE-754C-4082-AD98-2F57285A4F7B}"
EndProject
Project("{2150E333-8FDC-42A3-9474-1A3956D46DE8}") = "06-WebApi.UT", "06-WebApi.UT", "{A4222816-605E-44CA-9D91-FBAA35D5D5C1}"
EndProject
Project("{9A19103F-16F7-4668-BE54-9A1E7A4F7556}") = "Net5.WebApi", "Net5.WebApi\Net5.WebApi.csproj", "{9B8FCF0D-1632-497A-893B-93804F074A3C}"
EndProject
Project("{9A19103F-16F7-4668-BE54-9A1E7A4F7556}") = "Net5.WenApi.Ultility", "Net5.WenApi.Ultility\Net5.WenApi.Ultility.csproj", "{9289CFBB-D453-4038-9EC5-C781DCC323DC}"
EndProject
Project("{FAE04EC0-301F-11D3-BF4B-00C04F79EFBC}") = "WebApi.IRepository", "WebApi.IRepository\WebApi.IRepository.csproj", "{4C00B57B-0E8B-4CEE-9DB9-F593D0406E7C}"
EndProject
Project("{FAE04EC0-301F-11D3-BF4B-00C04F79EFBC}") = "WebApi.Repository", "Net.WebApi.Repository\WebApi.Repository.csproj", "{F1056A05-8D34-410F-8A92-9BEFD10043D5}"
EndProject
Project("{FAE04EC0-301F-11D3-BF4B-00C04F79EFBC}") = "WebApi.Test", "WebApi.Test\WebApi.Test.csproj", "{72803948-3ACD-4E1F-94DC-3045FBEA7A46}"
EndProject
Project("{FAE04EC0-301F-11D3-BF4B-00C04F79EFBC}") = "WebApi.IService", "WebApi.IService\WebApi.IService.csproj", "{E729E341-56C4-46A5-9692-CBA908F9A9C8}"
EndProject
Project("{FAE04EC0-301F-11D3-BF4B-00C04F79EFBC}") = "WebApi.Service", "WebApi.Service\WebApi.Service.csproj", "{915CB329-B98D-48D5-B489-9D7682F817F9}"
EndProject
Global
	GlobalSection(SolutionConfigurationPlatforms) = preSolution
		Debug|Any CPU = Debug|Any CPU
		Release|Any CPU = Release|Any CPU
	EndGlobalSection
	GlobalSection(ProjectConfigurationPlatforms) = postSolution
		{230E9BEE-754C-4082-AD98-2F57285A4F7B}.Debug|Any CPU.ActiveCfg = Debug|Any CPU
		{230E9BEE-754C-4082-AD98-2F57285A4F7B}.Debug|Any CPU.Build.0 = Debug|Any CPU
		{230E9BEE-754C-4082-AD98-2F57285A4F7B}.Release|Any CPU.ActiveCfg = Release|Any CPU
		{230E9BEE-754C-4082-AD98-2F57285A4F7B}.Release|Any CPU.Build.0 = Release|Any CPU
		{9B8FCF0D-1632-497A-893B-93804F074A3C}.Debug|Any CPU.ActiveCfg = Debug|Any CPU
		{9B8FCF0D-1632-497A-893B-93804F074A3C}.Debug|Any CPU.Build.0 = Debug|Any CPU
		{9B8FCF0D-1632-497A-893B-93804F074A3C}.Release|Any CPU.ActiveCfg = Release|Any CPU
		{9B8FCF0D-1632-497A-893B-93804F074A3C}.Release|Any CPU.Build.0 = Release|Any CPU
		{9289CFBB-D453-4038-9EC5-C781DCC323DC}.Debug|Any CPU.ActiveCfg = Debug|Any CPU
		{9289CFBB-D453-4038-9EC5-C781DCC323DC}.Debug|Any CPU.Build.0 = Debug|Any CPU
		{9289CFBB-D453-4038-9EC5-C781DCC323DC}.Release|Any CPU.ActiveCfg = Release|Any CPU
		{9289CFBB-D453-4038-9EC5-C781DCC323DC}.Release|Any CPU.Build.0 = Release|Any CPU
		{4C00B57B-0E8B-4CEE-9DB9-F593D0406E7C}.Debug|Any CPU.ActiveCfg = Debug|Any CPU
		{4C00B57B-0E8B-4CEE-9DB9-F593D0406E7C}.Debug|Any CPU.Build.0 = Debug|Any CPU
		{4C00B57B-0E8B-4CEE-9DB9-F593D0406E7C}.Release|Any CPU.ActiveCfg = Release|Any CPU
		{4C00B57B-0E8B-4CEE-9DB9-F593D0406E7C}.Release|Any CPU.Build.0 = Release|Any CPU
		{F1056A05-8D34-410F-8A92-9BEFD10043D5}.Debug|Any CPU.ActiveCfg = Debug|Any CPU
		{F1056A05-8D34-410F-8A92-9BEFD10043D5}.Debug|Any CPU.Build.0 = Debug|Any CPU
		{F1056A05-8D34-410F-8A92-9BEFD10043D5}.Release|Any CPU.ActiveCfg = Release|Any CPU
		{F1056A05-8D34-410F-8A92-9BEFD10043D5}.Release|Any CPU.Build.0 = Release|Any CPU
		{72803948-3ACD-4E1F-94DC-3045FBEA7A46}.Debug|Any CPU.ActiveCfg = Debug|Any CPU
		{72803948-3ACD-4E1F-94DC-3045FBEA7A46}.Debug|Any CPU.Build.0 = Debug|Any CPU
		{72803948-3ACD-4E1F-94DC-3045FBEA7A46}.Release|Any CPU.ActiveCfg = Release|Any CPU
		{72803948-3ACD-4E1F-94DC-3045FBEA7A46}.Release|Any CPU.Build.0 = Release|Any CPU
		{E729E341-56C4-46A5-9692-CBA908F9A9C8}.Debug|Any CPU.ActiveCfg = Debug|Any CPU
		{E729E341-56C4-46A5-9692-CBA908F9A9C8}.Debug|Any CPU.Build.0 = Debug|Any CPU
		{E729E341-56C4-46A5-9692-CBA908F9A9C8}.Release|Any CPU.ActiveCfg = Release|Any CPU
		{E729E341-56C4-46A5-9692-CBA908F9A9C8}.Release|Any CPU.Build.0 = Release|Any CPU
		{915CB329-B98D-48D5-B489-9D7682F817F9}.Debug|Any CPU.ActiveCfg = Debug|Any CPU
		{915CB329-B98D-48D5-B489-9D7682F817F9}.Debug|Any CPU.Build.0 = Debug|Any CPU
		{915CB329-B98D-48D5-B489-9D7682F817F9}.Release|Any CPU.ActiveCfg = Release|Any CPU
		{915CB329-B98D-48D5-B489-9D7682F817F9}.Release|Any CPU.Build.0 = Release|Any CPU
	EndGlobalSection
	GlobalSection(SolutionProperties) = preSolution
		HideSolutionNode = FALSE
	EndGlobalSection
	GlobalSection(NestedProjects) = preSolution
		{230E9BEE-754C-4082-AD98-2F57285A4F7B} = {26911BC0-C861-4621-82A1-99C2157F8A61}
		{9B8FCF0D-1632-497A-893B-93804F074A3C} = {AB11792A-232C-4625-BDCE-BE99A577C426}
		{9289CFBB-D453-4038-9EC5-C781DCC323DC} = {D2519236-1C23-4B10-8E70-BDAFE480534E}
		{4C00B57B-0E8B-4CEE-9DB9-F593D0406E7C} = {15B6D124-3B2C-4BCB-A442-AAB249BC9A7A}
		{F1056A05-8D34-410F-8A92-9BEFD10043D5} = {15B6D124-3B2C-4BCB-A442-AAB249BC9A7A}
		{72803948-3ACD-4E1F-94DC-3045FBEA7A46} = {A4222816-605E-44CA-9D91-FBAA35D5D5C1}
		{E729E341-56C4-46A5-9692-CBA908F9A9C8} = {1C53ED67-ED2D-4480-977A-88EE9D84D371}
		{915CB329-B98D-48D5-B489-9D7682F817F9} = {1C53ED67-ED2D-4480-977A-88EE9D84D371}
	EndGlobalSection
	GlobalSection(ExtensibilityGlobals) = postSolution
		SolutionGuid = {B7F6B4CF-C1C6-4850-A853-8FC30D539C4B}
	EndGlobalSection
EndGlobal
